PODS:
  - KYDrawerController (2.1.0)
  - Realm (3.11.1):
    - Realm/Headers (= 3.11.1)
  - Realm/Headers (3.11.1)
  - RealmSwift (3.11.1):
    - Realm (= 3.11.1)
  - SpreadsheetView (0.8.4)

DEPENDENCIES:
  - KYDrawerController
  - RealmSwift
  - SpreadsheetView

SPEC REPOS:
  https://github.com/CocoaPods/Specs.git:
    - KYDrawerController
    - Realm
    - RealmSwift
    - SpreadsheetView

SPEC CHECKSUMS:
  KYDrawerController: baad0e63b09c0cb564bd48f0f7f70f45d9176ebc
  Realm: 037c5919b9ceb59d6beed5d3b031096856b119b3
  RealmSwift: c9580133e73ef40ed340401af2dbc9a5790dfea7
  SpreadsheetView: 17c55b6dc82099993cc2ceb818248d19f3220998

PODFILE CHECKSUM: 034be87325f6d8934aab45c227867ff816401d14

COCOAPODS: 1.5.0
